# This file is automatically @generated by Cargo.
# It is not intended for manual editing.
version = 3

[[package]]
name = "nexer"
version = "1.1.0"
source = "git+https://github.com/trublesomeban/langjam-lexer#a1a2bba1b7445015627b2bcacc39de4ef0a0f1fc"

[[package]]
name = "trublesomeban"
version = "0.1.0"
dependencies = [
 "nexer",
]
