# This file is automatically @generated by Cargo.
# It is not intended for manual editing.
version = 3

[[package]]
name = "nexer"
version = "1.1.0"
source = "git+https://github.com/trublesomeban/langjam-lexer#91d7ed111c3356b12caec78c521578d148f48837"

[[package]]
name = "trublesomeban"
version = "0.1.0"
dependencies = [
 "nexer",
]
